
Microsoft Visual Studio Solution File, Format Version 12.00
# Visual Studio Version 16
VisualStudioVersion = 16.0.31112.23
MinimumVisualStudioVersion = 10.0.40219.1
Project("{F184B08F-C81C-45F6-A57F-5ABD9991F28F}") = "ElGamal Algorithm", "ElGamal Algorithm.vbproj", "{31ECC762-A0E3-4D06-9316-A83A077B0CD6}"
EndProject
Global
	GlobalSection(SolutionConfigurationPlatforms) = preSolution
		Debug|Any CPU = Debug|Any CPU
		Release|Any CPU = Release|Any CPU
	EndGlobalSection
	GlobalSection(ProjectConfigurationPlatforms) = postSolution
		{31ECC762-A0E3-4D06-9316-A83A077B0CD6}.Debug|Any CPU.ActiveCfg = Debug|Any CPU
		{31ECC762-A0E3-4D06-9316-A83A077B0CD6}.Debug|Any CPU.Build.0 = Debug|Any CPU
		{31ECC762-A0E3-4D06-9316-A83A077B0CD6}.Release|Any CPU.ActiveCfg = Release|Any CPU
		{31ECC762-A0E3-4D06-9316-A83A077B0CD6}.Release|Any CPU.Build.0 = Release|Any CPU
	EndGlobalSection
	GlobalSection(SolutionProperties) = preSolution
		HideSolutionNode = FALSE
	EndGlobalSection
	GlobalSection(ExtensibilityGlobals) = postSolution
		SolutionGuid = {6EF4DD72-5542-474F-A693-B5A4E5AFED65}
	EndGlobalSection
EndGlobal
